
Microsoft Visual Studio Solution File, Format Version 12.00
# Visual Studio Version 17
VisualStudioVersion = 17.14.36623.8 d17.14
MinimumVisualStudioVersion = 10.0.40219.1
Project("{FAE04EC0-301F-11D3-BF4B-00C04F79EFBC}") = "CODE_QUESTS", "CODE_QUESTS\CODE_QUESTS.csproj", "{6906F458-CB5B-4456-B26C-01EC9022BFCC}"
EndProject
Global
	GlobalSection(SolutionConfigurationPlatforms) = preSolution
		Debug|Any CPU = Debug|Any CPU
		Release|Any CPU = Release|Any CPU
	EndGlobalSection
	GlobalSection(ProjectConfigurationPlatforms) = postSolution
		{6906F458-CB5B-4456-B26C-01EC9022BFCC}.Debug|Any CPU.ActiveCfg = Debug|Any CPU
		{6906F458-CB5B-4456-B26C-01EC9022BFCC}.Debug|Any CPU.Build.0 = Debug|Any CPU
		{6906F458-CB5B-4456-B26C-01EC9022BFCC}.Release|Any CPU.ActiveCfg = Release|Any CPU
		{6906F458-CB5B-4456-B26C-01EC9022BFCC}.Release|Any CPU.Build.0 = Release|Any CPU
	EndGlobalSection
	GlobalSection(SolutionProperties) = preSolution
		HideSolutionNode = FALSE
	EndGlobalSection
	GlobalSection(ExtensibilityGlobals) = postSolution
		SolutionGuid = {7B033DDC-3778-48C7-B134-8A2C12A5EE46}
	EndGlobalSection
EndGlobal
